
Microsoft Visual Studio Solution File, Format Version 12.00
# Visual Studio Version 17
VisualStudioVersion = 17.9.34728.123
MinimumVisualStudioVersion = 10.0.40219.1
Project("{9A19103F-16F7-4668-BE54-9A1E7A4F7556}") = "FacturaApi", "FacturaApi.csproj", "{B24D5E71-24C1-4B29-B29D-A5751CAB44BA}"
EndProject
Global
	GlobalSection(SolutionConfigurationPlatforms) = preSolution
		Debug|Any CPU = Debug|Any CPU
		Release|Any CPU = Release|Any CPU
	EndGlobalSection
	GlobalSection(ProjectConfigurationPlatforms) = postSolution
		{B24D5E71-24C1-4B29-B29D-A5751CAB44BA}.Debug|Any CPU.ActiveCfg = Debug|Any CPU
		{B24D5E71-24C1-4B29-B29D-A5751CAB44BA}.Debug|Any CPU.Build.0 = Debug|Any CPU
		{B24D5E71-24C1-4B29-B29D-A5751CAB44BA}.Release|Any CPU.ActiveCfg = Release|Any CPU
		{B24D5E71-24C1-4B29-B29D-A5751CAB44BA}.Release|Any CPU.Build.0 = Release|Any CPU
	EndGlobalSection
	GlobalSection(SolutionProperties) = preSolution
		HideSolutionNode = FALSE
	EndGlobalSection
	GlobalSection(ExtensibilityGlobals) = postSolution
		SolutionGuid = {BCA13ECF-5186-4B3D-8C68-2353422B5C3D}
	EndGlobalSection
EndGlobal
